schema: '2.0'
stages:
  data_collection:
    cmd: python src/data/data_collection.py
    deps:
    - path: src/data/data_collection.py
      hash: md5
      md5: 429f2a2db08ef03a0672bb72c1383cad
      size: 1790
    params:
      params.yaml:
        data_collection.test_size: 0.2
    outs:
    - path: data/raw
      hash: md5
      md5: c0c2d65c14a603e91e029fda3c344a5c.dir
      size: 522262
      nfiles: 2
  preprocessing:
    cmd: python src/data/data_prep.py
    deps:
    - path: data/raw
      hash: md5
      md5: c0c2d65c14a603e91e029fda3c344a5c.dir
      size: 522262
      nfiles: 2
    - path: src/data/data_prep.py
      hash: md5
      md5: 194f2b16c0d71cc455a14355f6c9c5a0
      size: 2449
    outs:
    - path: data/processed
      hash: md5
      md5: 0beb4adc62d83817b414bed6f535f487.dir
      size: 546895
      nfiles: 2
  model_building:
    cmd: python src/model/model_building.py
    deps:
    - path: data/processed
      hash: md5
      md5: 0beb4adc62d83817b414bed6f535f487.dir
      size: 546895
      nfiles: 2
    - path: src/model/model_building.py
      hash: md5
      md5: a08c470130e9b777bec762e900072d33
      size: 2565
    params:
      params.yaml:
        model_building.n_estimators: 1000
    outs:
    - path: models/model.pkl
      hash: md5
      md5: ecdf2012781af2801bd81cd92c4ebf4f
      size: 66286712
  model_eval:
    cmd: python src/model/model_eval.py
    deps:
    - path: models/model.pkl
      hash: md5
      md5: ecdf2012781af2801bd81cd92c4ebf4f
      size: 66286712
    - path: src/model/model_eval.py
      hash: md5
      md5: e4e584c7665863078064cb455abc760d
      size: 3038
    outs:
    - path: reports/metrics.json
      hash: md5
      md5: bda8fc78df6db5d10c1f9af1ac49a246
      size: 146
